{
  "dependencies": {
    "balanced-ci": {
      "locked_version": "1.0.13",
      "path": "."
    },
    "apt": {
      "locked_version": "2.3.4"
    },
    "ci": {
      "locked_version": "1.0.14"
    },
    "jenkins": {
      "locked_version": "99.1.6"
    },
    "balanced-citadel": {
      "locked_version": "1.0.0"
    },
    "postfix": {
      "locked_version": "3.0.4"
    },
    "nginx": {
      "locked_version": "2.2.0"
    },
    "bluepill": {
      "locked_version": "2.3.1"
    },
    "rsyslog": {
      "locked_version": "1.10.2"
    },
    "build-essential": {
      "locked_version": "1.4.2"
    },
    "ohai": {
      "locked_version": "1.1.12"
    },
    "runit": {
      "locked_version": "1.5.8"
    },
    "yum": {
      "locked_version": "3.0.4"
    },
    "yum-epel": {
      "locked_version": "0.2.0"
    },
    "sudo": {
      "locked_version": "2.2.2"
    },
    "python": {
      "locked_version": "1.4.4"
    },
    "balanced-python": {
      "locked_version": "0.1.1"
    },
    "balanced-omnibus": {
      "locked_version": "1.0.2"
    },
    "git": {
      "locked_version": "2.9.0"
    },
    "dmg": {
      "locked_version": "2.1.2"
    },
    "windows": {
      "locked_version": "1.12.6"
    },
    "yum": {
      "locked_version": "3.0.4"
    },
    "partial_search": {
      "locked_version": "1.0.6"
    },
    "java": {
      "locked_version": "1.13.0"
    }
  }
}
