DEPENDENCIES
  apt
  balanced-ci
    path: .
    metadata: true

GRAPH
  acceptance (0.1.10)
    balanced (>= 0.0.0)
    balanced-devpi (>= 0.0.0)
    balanced-elasticsearch (>= 0.0.0)
    balanced-mongodb (>= 0.0.0)
    balanced-postgres (>= 0.0.0)
    balanced-rabbitmq (>= 0.0.0)
    balanced-redis (>= 0.0.0)
    balanced-rsyslog (>= 0.0.0)
    balanced-user (>= 0.0.0)
    git (>= 0.0.0)
    python (>= 0.0.0)
    supervisor (>= 0.0.0)
    ulimit (>= 0.0.0)
  apt (2.3.8)
  ark (0.6.0)
  aws (2.1.0)
  balanced (0.2.3)
    balanced-apt (>= 1.0.4)
    balanced-rabbitmq (>= 0.2.0)
    balanced-rsyslog (>= 0.0.0)
    logrotate (>= 0.0.0)
    supervisor (>= 0.0.0)
  balanced-apt (1.0.6)
    apt (>= 0.0.0)
    balanced-citadel (>= 0.0.0)
    poise (>= 0.0.0)
  balanced-ci (1.0.82)
    balanced-citadel (>= 0.0.0)
    balanced-elasticsearch (>= 0.0.0)
    balanced-mongodb (>= 0.0.0)
    balanced-omnibus (~> 1.0.2)
    balanced-postgres (>= 0.0.0)
    balanced-rabbitmq (>= 0.0.0)
    ci (~> 1.0.18)
    database (>= 0.0.0)
    newrelic-sysmond (>= 0.0.0)
    nginx (>= 0.0.0)
    poise (~> 1.0.4)
    poise-ruby (>= 0.0.0)
    postfix (>= 3.0.4)
    postgresql (>= 0.0.0)
    python (>= 0.0.0)
    redisio (>= 0.0.0)
    sudo (>= 0.0.0)
  balanced-citadel (1.0.2)
    citadel (>= 0.0.0)
  balanced-devpi (0.1.6)
    balanced-citadel (>= 0.0.0)
    balanced-python (~> 0.1)
    devpi (~> 1.1)
    nginx (~> 2.0)
    supervisor (>= 0.0.0)
  balanced-elasticsearch (0.2.2)
    balanced-citadel (>= 0.0.0)
    balanced-rsyslog (>= 0.0.0)
    elasticsearch (>= 0.0.0)
    java (>= 0.0.0)
    logrotate (>= 0.0.0)
    newrelic-plugin-agent (>= 0.0.0)
    newrelic-sysmond (>= 0.0.0)
  balanced-mongodb (0.1.0)
    mongodb (~> 0.13.2)
  balanced-omnibus (1.0.6)
    apt (>= 0.0.0)
    balanced-citadel (>= 0.0.0)
    build-essential (>= 0.0.0)
    git (>= 0.0.0)
    nodejs (>= 0.0.0)
    poise-ruby (>= 0.0.0)
    python (>= 0.0.0)
  balanced-postgres (0.1.2)
    database (~> 1.4)
    postgresql (~> 3.2)
  balanced-python (0.1.1)
    apt (~> 2.3.0)
    python (~> 1.4.4)
  balanced-rabbitmq (0.2.0)
    balanced-citadel (>= 0.0.0)
    erlang (~> 1.3.2)
    newrelic-plugin-agent (>= 0.0.0)
    rabbitmq (~> 2.3.2)
  balanced-redis (0.1.0)
    redisio (~> 1.7.0)
  balanced-rsyslog (0.2.0)
    logrotate (>= 0.0.0)
    rsyslog (~> 1.9)
  balanced-user (0.1.4)
    balanced-citadel (~> 1.0)
    poise (~> 1.0)
    sudo (~> 2.5)
    user (~> 0.3)
  bluepill (2.3.1)
    rsyslog (>= 0.0.0)
  build-essential (1.4.4)
  chef_handler (1.1.5)
  ci (1.0.18)
    git (>= 0.0.0)
    jenkins (~> 99.1.6)
    partial_search (>= 0.0.0)
    poise (~> 1.0.0)
  citadel (1.0.2)
  database (1.6.0)
    aws (>= 0.0.0)
    mysql (>= 1.3.0)
    postgresql (>= 1.0.0)
    xfs (>= 0.0.0)
  devpi (1.1.0)
    nginx (>= 0.0.0)
    python (>= 0.0.0)
    runit (>= 0.0.0)
    supervisor (>= 0.0.0)
  dmg (2.2.0)
  elasticsearch (0.3.7)
    ark (>= 0.0.0)
    build-essential (>= 0.0.0)
    java (>= 0.0.0)
    monit (>= 0.0.0)
    xml (>= 0.0.0)
  erlang (1.3.2)
    apt (>= 1.7.0)
    build-essential (>= 0.0.0)
    yum (>= 0.5.0)
  git (3.0.0)
    build-essential (>= 0.0.0)
    dmg (>= 0.0.0)
    runit (>= 1.0.0)
    windows (>= 0.0.0)
    yum (~> 3.0)
    yum-epel (>= 0.0.0)
  homebrew (1.5.4)
  java (1.20.0)
  jenkins (99.1.6)
    apt (>= 0.0.0)
    java (>= 0.0.0)
    poise (~> 1.0.2)
    runit (>= 1.0.0)
    yum (>= 0.0.0)
  logrotate (1.5.0)
  mongodb (0.13.7)
    apt (>= 1.8.2)
    python (>= 0.0.0)
    runit (>= 1.1.6)
    yum (>= 0.0.0)
  monit (1.3.3)
  mysql (4.1.2)
    build-essential (~> 1.4)
    homebrew (>= 0.0.0)
    openssl (~> 1.1)
    windows (>= 0.0.0)
  newrelic-plugin-agent (0.1.0)
    build-essential (>= 0.0.0)
    python (>= 0.0.0)
  newrelic-sysmond (1.3.3)
    apt (>= 1.9.2)
  nginx (2.4.2)
    apt (~> 2.2)
    bluepill (~> 2.3)
    build-essential (~> 1.4)
    ohai (~> 1.1)
    runit (~> 1.2)
    yum (~> 3.0)
    yum-epel (>= 0.0.0)
  nodejs (1.3.0)
    apt (>= 0.0.0)
    build-essential (>= 0.0.0)
    yum (>= 0.0.0)
  ohai (1.1.12)
  openssl (1.1.0)
  partial_search (1.0.8)
  poise (1.0.6)
  poise-ruby (1.0.0)
    apt (>= 0.0.0)
    poise (>= 0.0.0)
    yum (>= 0.0.0)
  postfix (3.1.4)
  postgresql (3.3.4)
    apt (>= 0.0.0)
    build-essential (>= 0.0.0)
    openssl (>= 0.0.0)
  python (1.4.6)
    build-essential (>= 0.0.0)
    yum-epel (>= 0.0.0)
  rabbitmq (2.3.3)
    erlang (>= 0.9.0)
  redisio (1.7.1)
    ulimit (>= 0.1.2)
  rsyslog (1.12.2)
  runit (1.5.8)
    build-essential (>= 0.0.0)
    yum (~> 3.0)
    yum-epel (>= 0.0.0)
  sudo (2.5.2)
  supervisor (0.4.11)
    python (>= 0.0.0)
  ulimit (0.3.2)
  user (0.3.0)
  windows (1.30.0)
    chef_handler (>= 0.0.0)
  xfs (1.1.0)
  xml (1.2.2)
    build-essential (>= 0.0.0)
  yum (3.1.2)
  yum-epel (0.3.4)
    yum (~> 3.0)
